
Microsoft Visual Studio Solution File, Format Version 12.00
# Visual Studio Version 17
VisualStudioVersion = 17.7.34018.315
MinimumVisualStudioVersion = 10.0.40219.1
Project("{FAE04EC0-301F-11D3-BF4B-00C04F79EFBC}") = "MappingDemo", "MappingDemo\MappingDemo.csproj", "{19EB3926-80A9-47B9-B7E6-5EC5DD6D2533}"
EndProject
Global
	GlobalSection(SolutionConfigurationPlatforms) = preSolution
		Debug|Any CPU = Debug|Any CPU
		Release|Any CPU = Release|Any CPU
	EndGlobalSection
	GlobalSection(ProjectConfigurationPlatforms) = postSolution
		{19EB3926-80A9-47B9-B7E6-5EC5DD6D2533}.Debug|Any CPU.ActiveCfg = Debug|Any CPU
		{19EB3926-80A9-47B9-B7E6-5EC5DD6D2533}.Debug|Any CPU.Build.0 = Debug|Any CPU
		{19EB3926-80A9-47B9-B7E6-5EC5DD6D2533}.Release|Any CPU.ActiveCfg = Release|Any CPU
		{19EB3926-80A9-47B9-B7E6-5EC5DD6D2533}.Release|Any CPU.Build.0 = Release|Any CPU
	EndGlobalSection
	GlobalSection(SolutionProperties) = preSolution
		HideSolutionNode = FALSE
	EndGlobalSection
	GlobalSection(ExtensibilityGlobals) = postSolution
		SolutionGuid = {69391A2C-787E-4BCF-BD45-55F30CC087C2}
	EndGlobalSection
EndGlobal
